<?xml version="1.0" encoding="utf-8"?>
<Project ToolsVersion="4.0" xmlns="http://schemas.microsoft.com/developer/msbuild/2003">
  <ItemGroup>
    <ClCompile Include="Bullet.cpp" />
    <ClCompile Include="Course.cpp" />
    <ClCompile Include="Enemy.cpp" />
    <ClCompile Include="Game.cpp" />
    <ClCompile Include="GameObj.cpp" />
    <ClCompile Include="GeneratedFiles\Debug\moc_Bullet.cpp" />
    <ClCompile Include="GeneratedFiles\Debug\moc_Enemy.cpp" />
    <ClCompile Include="GeneratedFiles\Debug\moc_Game.cpp" />
    <ClCompile Include="GeneratedFiles\Debug\moc_HUD.cpp" />
    <ClCompile Include="GeneratedFiles\Debug\moc_Player.cpp" />
    <ClCompile Include="GeneratedFiles\qrc_ourtempest.cpp" />
    <ClCompile Include="GeneratedFiles\Release\moc_Bullet.cpp" />
    <ClCompile Include="GeneratedFiles\Release\moc_Enemy.cpp" />
    <ClCompile Include="GeneratedFiles\Release\moc_Game.cpp" />
    <ClCompile Include="GeneratedFiles\Release\moc_HUD.cpp" />
    <ClCompile Include="GeneratedFiles\Release\moc_Player.cpp" />
    <ClCompile Include="GlitchoEnemy.cpp" />
    <ClCompile Include="HexEnemy.cpp" />
    <ClCompile Include="HUD.cpp" />
    <ClCompile Include="LLCR.cpp" />
    <ClCompile Include="main.cpp" />
    <ClCompile Include="MovingGameObj.cpp" />
    <ClCompile Include="ParaEnemy.cpp" />
    <ClCompile Include="Player.cpp" />
    <ClCompile Include="RombEnemy.cpp" />
    <ClCompile Include="Settings.cpp" />
  </ItemGroup>
  <ItemGroup>
    <ClInclude Include="GameObj.h" />
    <ClInclude Include="GlitchoEnemy.h" />
    <ClInclude Include="HexEnemy.h" />
    <ClInclude Include="LLCR.h" />
    <ClInclude Include="MovingGameObj.h" />
    <ClInclude Include="ParaEnemy.h" />
    <ClInclude Include="RombEnemy.h" />
    <ClInclude Include="Settings.h" />
    <ClInclude Include="Course.h" />
    <ClInclude Include="GeneratedFiles\ui_ourtempest.h" />
  </ItemGroup>
  <ItemGroup>
    <CustomBuild Include="ourtempest.ui" />
    <CustomBuild Include="Enemy.h" />
    <CustomBuild Include="HUD.h" />
    <CustomBuild Include="Player.h" />
    <CustomBuild Include="Bullet.h" />
    <CustomBuild Include="Game.h" />
    <CustomBuild Include="ourtempest.qrc" />
  </ItemGroup>
</Project>